# THIS IS AN AUTOGENERATED FILE. DO NOT EDIT THIS FILE DIRECTLY.
# yarn lockfile v1


axios@^0.18.0:
  version "0.18.0"
  resolved "https://registry.yarnpkg.com/axios/-/axios-0.18.0.tgz#32d53e4851efdc0a11993b6cd000789d70c05102"
  dependencies:
    follow-redirects "^1.3.0"
    is-buffer "^1.1.5"

core-util-is@~1.0.0:
  version "1.0.2"
  resolved "https://registry.yarnpkg.com/core-util-is/-/core-util-is-1.0.2.tgz#b5fd54220aa2bc5ab57aab7140c940754503c1a7"

debug@^3.2.6:
  version "3.2.6"
  resolved "https://registry.yarnpkg.com/debug/-/debug-3.2.6.tgz#e83d17de16d8a7efb7717edbe5fb10135eee629b"
  dependencies:
    ms "^2.1.1"

follow-redirects@^1.3.0:
  version "1.7.0"
  resolved "https://registry.yarnpkg.com/follow-redirects/-/follow-redirects-1.7.0.tgz#489ebc198dc0e7f64167bd23b03c4c19b5784c76"
  dependencies:
    debug "^3.2.6"

gulp-insert@^0.5.0:
  version "0.5.0"
  resolved "https://registry.yarnpkg.com/gulp-insert/-/gulp-insert-0.5.0.tgz#32313f13e4a23cf5acca5ce5f0c080923c778602"
  dependencies:
    readable-stream "^1.0.26-4"
    streamqueue "0.0.6"

gulp-rename@^1.2.2:
  version "1.4.0"
  resolved "https://registry.yarnpkg.com/gulp-rename/-/gulp-rename-1.4.0.tgz#de1c718e7c4095ae861f7296ef4f3248648240bd"

inherits@~2.0.1:
  version "2.0.3"
  resolved "https://registry.yarnpkg.com/inherits/-/inherits-2.0.3.tgz#633c2c83e3da42a502f52466022480f4208261de"

is-buffer@^1.1.5:
  version "1.1.6"
  resolved "https://registry.yarnpkg.com/is-buffer/-/is-buffer-1.1.6.tgz#efaa2ea9daa0d7ab2ea13a97b2b8ad51fefbe8be"

isarray@0.0.1:
  version "0.0.1"
  resolved "https://registry.yarnpkg.com/isarray/-/isarray-0.0.1.tgz#8a18acfca9a8f4177e09abfc6038939b05d1eedf"

lrz@^4.9.40:
  version "4.9.40"
  resolved "https://registry.yarnpkg.com/lrz/-/lrz-4.9.40.tgz#2fd3b42588a20a57fd7aa79f81568c845e4e3d73"
  dependencies:
    gulp-insert "^0.5.0"
    gulp-rename "^1.2.2"

ms@^2.1.1:
  version "2.1.1"
  resolved "https://registry.yarnpkg.com/ms/-/ms-2.1.1.tgz#30a5864eb3ebb0a66f2ebe6d727af06a09d86e0a"

readable-stream@^1.0.26-2, readable-stream@^1.0.26-4:
  version "1.1.14"
  resolved "https://registry.yarnpkg.com/readable-stream/-/readable-stream-1.1.14.tgz#7cf4c54ef648e3813084c636dd2079e166c081d9"
  dependencies:
    core-util-is "~1.0.0"
    inherits "~2.0.1"
    isarray "0.0.1"
    string_decoder "~0.10.x"

streamqueue@0.0.6:
  version "0.0.6"
  resolved "https://registry.yarnpkg.com/streamqueue/-/streamqueue-0.0.6.tgz#66f5f5ec94e9b8af249e4aec2dd1f741bfe94de3"
  dependencies:
    readable-stream "^1.0.26-2"

string_decoder@~0.10.x:
  version "0.10.31"
  resolved "https://registry.yarnpkg.com/string_decoder/-/string_decoder-0.10.31.tgz#62e203bc41766c6c28c9fc84301dab1c5310fa94"
